lockfileVersion: '9.0'

settings:
  autoInstallPeers: true
  excludeLinksFromLockfile: false

# Generated by pnpm 12.0.0-beta.2 on linux/x64/glibc.
# fsevents is declared as an optionalDependency in package.json
# but pnpm 12 filters it at install time because it is macOS-only
# (os: [darwin]). It does not appear in this lockfile.
# @esbuild/linux-x64 IS present because it matches linux/x64/glibc.
# All other esbuild platform binaries are absent (platform-filtered).

importers:

  .:
    dependencies:
      esbuild:
        specifier: ^0.21.5
        version: 0.21.5
      hono:
        specifier: ^4.4.0
        version: 4.4.0
      zod:
        specifier: ^3.23.0
        version: 3.23.8

packages:

  '@esbuild/linux-x64@0.21.5':
    resolution:
      integrity: sha512-ExjZQJFkMuCoSVPzuMBTlkl4cFEMjwHXEOC7eMNmxXfGFsm02s3SuNuSBHlO1MJIDxuiZxmIi5kO8WTuUr9g==
    cpu:
      - x64
    os:
      - linux
    libc:
      - glibc
    optional: true

  esbuild@0.21.5:
    resolution:
      integrity: sha512-mg3OPMV4hXywwpoDxu3Qda5xCKQi+vCTZq8S9J/EpkhB2HzKXq4SNFZE3+NK93JYxc8VMSep+lOUSC/RVKaBQ==
    engines:
      node: '>=12'
    hasBin: true

  hono@4.4.0:
    resolution:
      integrity: sha512-0QZ4G0p02u6oCRGAb28NeNOr4tg3oQFuEZqGiJqbLPCbhNj7JVz7ieMxIoIcMBjIpHXUwmkMtEuPBEJt39p3A==
    engines:
      node: '>=16'

  zod@3.23.8:
    resolution:
      integrity: sha512-XBx9AXhXktjUqnepgTiE5flcKIYWi/rme0Eaj+5Y0ggOGBv1p8L7RLMQ9GkSl0SLMT38HOVy5xKq2EzNdF4Q==

snapshots:

  '@esbuild/linux-x64@0.21.5': {}

  esbuild@0.21.5:
    optionalDependencies:
      '@esbuild/linux-x64': 0.21.5

  hono@4.4.0: {}

  zod@3.23.8: {}
